
Microsoft Visual Studio Solution File, Format Version 12.00
# Visual Studio Version 17
VisualStudioVersion = 17.7.34221.43
MinimumVisualStudioVersion = 10.0.40219.1
Project("{9A19103F-16F7-4668-BE54-9A1E7A4F7556}") = "ShawarmaHousePortal", "ShawarmaHousePortal\ShawarmaHousePortal.csproj", "{901F0ACB-7D95-422D-BCEC-C044CC50914B}"
EndProject
Project("{FAE04EC0-301F-11D3-BF4B-00C04F79EFBC}") = "Domin", "Domin\Domin.csproj", "{CE29AF9B-810B-4FEF-BB20-C965E23FAFA2}"
EndProject
Project("{FAE04EC0-301F-11D3-BF4B-00C04F79EFBC}") = "Infrastrucure", "Infrastrucure\Infrastrucure.csproj", "{4AB54BB9-356F-4FEA-ACDA-F6269C4F0E94}"
EndProject
Global
	GlobalSection(SolutionConfigurationPlatforms) = preSolution
		Debug|Any CPU = Debug|Any CPU
		Release|Any CPU = Release|Any CPU
	EndGlobalSection
	GlobalSection(ProjectConfigurationPlatforms) = postSolution
		{901F0ACB-7D95-422D-BCEC-C044CC50914B}.Debug|Any CPU.ActiveCfg = Debug|Any CPU
		{901F0ACB-7D95-422D-BCEC-C044CC50914B}.Debug|Any CPU.Build.0 = Debug|Any CPU
		{901F0ACB-7D95-422D-BCEC-C044CC50914B}.Release|Any CPU.ActiveCfg = Release|Any CPU
		{901F0ACB-7D95-422D-BCEC-C044CC50914B}.Release|Any CPU.Build.0 = Release|Any CPU
		{CE29AF9B-810B-4FEF-BB20-C965E23FAFA2}.Debug|Any CPU.ActiveCfg = Debug|Any CPU
		{CE29AF9B-810B-4FEF-BB20-C965E23FAFA2}.Debug|Any CPU.Build.0 = Debug|Any CPU
		{CE29AF9B-810B-4FEF-BB20-C965E23FAFA2}.Release|Any CPU.ActiveCfg = Release|Any CPU
		{CE29AF9B-810B-4FEF-BB20-C965E23FAFA2}.Release|Any CPU.Build.0 = Release|Any CPU
		{4AB54BB9-356F-4FEA-ACDA-F6269C4F0E94}.Debug|Any CPU.ActiveCfg = Debug|Any CPU
		{4AB54BB9-356F-4FEA-ACDA-F6269C4F0E94}.Debug|Any CPU.Build.0 = Debug|Any CPU
		{4AB54BB9-356F-4FEA-ACDA-F6269C4F0E94}.Release|Any CPU.ActiveCfg = Release|Any CPU
		{4AB54BB9-356F-4FEA-ACDA-F6269C4F0E94}.Release|Any CPU.Build.0 = Release|Any CPU
	EndGlobalSection
	GlobalSection(SolutionProperties) = preSolution
		HideSolutionNode = FALSE
	EndGlobalSection
	GlobalSection(ExtensibilityGlobals) = postSolution
		SolutionGuid = {F0368B5D-0686-4537-8D5C-72DAC2966844}
	EndGlobalSection
EndGlobal
